
Microsoft Visual Studio Solution File, Format Version 12.00
# Visual Studio 15
VisualStudioVersion = 15.0.28307.329
MinimumVisualStudioVersion = 10.0.40219.1
Project("{FAE04EC0-301F-11D3-BF4B-00C04F79EFBC}") = "Structures_Boxing_Covariant_Date_time_Enums", "Structures_Boxing_Covariant_Date_time_Enums\Structures_Boxing_Covariant_Date_time_Enums.csproj", "{2C7FB863-83FF-46B8-AE46-00638D7E0D9D}"
EndProject
Project("{FAE04EC0-301F-11D3-BF4B-00C04F79EFBC}") = "Boxing_02", "Boxing_02\Boxing_02.csproj", "{DD19F15A-A937-475B-82F9-F14E37EF8352}"
EndProject
Project("{FAE04EC0-301F-11D3-BF4B-00C04F79EFBC}") = "Boxing_03", "Boxing_03\Boxing_03.csproj", "{CED29CAC-F721-4890-A257-B378A7F91C19}"
EndProject
Project("{FAE04EC0-301F-11D3-BF4B-00C04F79EFBC}") = "Covariant_04", "Covariant_04\Covariant_04.csproj", "{C913F27F-2FE5-46F7-96EB-3BD848C3AA1A}"
EndProject
Project("{FAE04EC0-301F-11D3-BF4B-00C04F79EFBC}") = "Covariant_05", "Covariant_05\Covariant_05.csproj", "{BB60ED22-E068-4536-8ED8-734F20E64224}"
EndProject
Project("{FAE04EC0-301F-11D3-BF4B-00C04F79EFBC}") = "DateTime_06", "DateTime_06\DateTime_06.csproj", "{5EDA2850-BFB3-4BC2-876D-4A80BBECD966}"
EndProject
Project("{FAE04EC0-301F-11D3-BF4B-00C04F79EFBC}") = "DateTime_07", "DateTime_07\DateTime_07.csproj", "{2F31461C-43FE-413E-947D-FFB709BB84DB}"
EndProject
Project("{FAE04EC0-301F-11D3-BF4B-00C04F79EFBC}") = "DateTime_08", "DateTime_08\DateTime_08.csproj", "{E56B01E3-7FEE-44E4-A6CF-9B800892BCA5}"
EndProject
Global
	GlobalSection(SolutionConfigurationPlatforms) = preSolution
		Debug|Any CPU = Debug|Any CPU
		Release|Any CPU = Release|Any CPU
	EndGlobalSection
	GlobalSection(ProjectConfigurationPlatforms) = postSolution
		{2C7FB863-83FF-46B8-AE46-00638D7E0D9D}.Debug|Any CPU.ActiveCfg = Debug|Any CPU
		{2C7FB863-83FF-46B8-AE46-00638D7E0D9D}.Debug|Any CPU.Build.0 = Debug|Any CPU
		{2C7FB863-83FF-46B8-AE46-00638D7E0D9D}.Release|Any CPU.ActiveCfg = Release|Any CPU
		{2C7FB863-83FF-46B8-AE46-00638D7E0D9D}.Release|Any CPU.Build.0 = Release|Any CPU
		{DD19F15A-A937-475B-82F9-F14E37EF8352}.Debug|Any CPU.ActiveCfg = Debug|Any CPU
		{DD19F15A-A937-475B-82F9-F14E37EF8352}.Debug|Any CPU.Build.0 = Debug|Any CPU
		{DD19F15A-A937-475B-82F9-F14E37EF8352}.Release|Any CPU.ActiveCfg = Release|Any CPU
		{DD19F15A-A937-475B-82F9-F14E37EF8352}.Release|Any CPU.Build.0 = Release|Any CPU
		{CED29CAC-F721-4890-A257-B378A7F91C19}.Debug|Any CPU.ActiveCfg = Debug|Any CPU
		{CED29CAC-F721-4890-A257-B378A7F91C19}.Debug|Any CPU.Build.0 = Debug|Any CPU
		{CED29CAC-F721-4890-A257-B378A7F91C19}.Release|Any CPU.ActiveCfg = Release|Any CPU
		{CED29CAC-F721-4890-A257-B378A7F91C19}.Release|Any CPU.Build.0 = Release|Any CPU
		{C913F27F-2FE5-46F7-96EB-3BD848C3AA1A}.Debug|Any CPU.ActiveCfg = Debug|Any CPU
		{C913F27F-2FE5-46F7-96EB-3BD848C3AA1A}.Debug|Any CPU.Build.0 = Debug|Any CPU
		{C913F27F-2FE5-46F7-96EB-3BD848C3AA1A}.Release|Any CPU.ActiveCfg = Release|Any CPU
		{C913F27F-2FE5-46F7-96EB-3BD848C3AA1A}.Release|Any CPU.Build.0 = Release|Any CPU
		{BB60ED22-E068-4536-8ED8-734F20E64224}.Debug|Any CPU.ActiveCfg = Debug|Any CPU
		{BB60ED22-E068-4536-8ED8-734F20E64224}.Debug|Any CPU.Build.0 = Debug|Any CPU
		{BB60ED22-E068-4536-8ED8-734F20E64224}.Release|Any CPU.ActiveCfg = Release|Any CPU
		{BB60ED22-E068-4536-8ED8-734F20E64224}.Release|Any CPU.Build.0 = Release|Any CPU
		{5EDA2850-BFB3-4BC2-876D-4A80BBECD966}.Debug|Any CPU.ActiveCfg = Debug|Any CPU
		{5EDA2850-BFB3-4BC2-876D-4A80BBECD966}.Debug|Any CPU.Build.0 = Debug|Any CPU
		{5EDA2850-BFB3-4BC2-876D-4A80BBECD966}.Release|Any CPU.ActiveCfg = Release|Any CPU
		{5EDA2850-BFB3-4BC2-876D-4A80BBECD966}.Release|Any CPU.Build.0 = Release|Any CPU
		{2F31461C-43FE-413E-947D-FFB709BB84DB}.Debug|Any CPU.ActiveCfg = Debug|Any CPU
		{2F31461C-43FE-413E-947D-FFB709BB84DB}.Debug|Any CPU.Build.0 = Debug|Any CPU
		{2F31461C-43FE-413E-947D-FFB709BB84DB}.Release|Any CPU.ActiveCfg = Release|Any CPU
		{2F31461C-43FE-413E-947D-FFB709BB84DB}.Release|Any CPU.Build.0 = Release|Any CPU
		{E56B01E3-7FEE-44E4-A6CF-9B800892BCA5}.Debug|Any CPU.ActiveCfg = Debug|Any CPU
		{E56B01E3-7FEE-44E4-A6CF-9B800892BCA5}.Debug|Any CPU.Build.0 = Debug|Any CPU
		{E56B01E3-7FEE-44E4-A6CF-9B800892BCA5}.Release|Any CPU.ActiveCfg = Release|Any CPU
		{E56B01E3-7FEE-44E4-A6CF-9B800892BCA5}.Release|Any CPU.Build.0 = Release|Any CPU
	EndGlobalSection
	GlobalSection(SolutionProperties) = preSolution
		HideSolutionNode = FALSE
	EndGlobalSection
	GlobalSection(ExtensibilityGlobals) = postSolution
		SolutionGuid = {30E9C8F6-E6C2-4169-A1AA-84E705450446}
	EndGlobalSection
EndGlobal
