
Microsoft Visual Studio Solution File, Format Version 12.00
# Visual Studio 15
VisualStudioVersion = 15.0.28307.329
MinimumVisualStudioVersion = 10.0.40219.1
Project("{FAE04EC0-301F-11D3-BF4B-00C04F79EFBC}") = "Structures_Boxing_Covariant_Date_time_Enums", "Structures_Boxing_Covariant_Date_time_Enums\Structures_Boxing_Covariant_Date_time_Enums.csproj", "{2C7FB863-83FF-46B8-AE46-00638D7E0D9D}"
EndProject
Project("{FAE04EC0-301F-11D3-BF4B-00C04F79EFBC}") = "Boxing_02", "Boxing_02\Boxing_02.csproj", "{DD19F15A-A937-475B-82F9-F14E37EF8352}"
EndProject
Project("{FAE04EC0-301F-11D3-BF4B-00C04F79EFBC}") = "Boxing_03", "Boxing_03\Boxing_03.csproj", "{CED29CAC-F721-4890-A257-B378A7F91C19}"
EndProject
Project("{FAE04EC0-301F-11D3-BF4B-00C04F79EFBC}") = "Covariant_04", "Covariant_04\Covariant_04.csproj", "{C913F27F-2FE5-46F7-96EB-3BD848C3AA1A}"
EndProject
Project("{FAE04EC0-301F-11D3-BF4B-00C04F79EFBC}") = "Covariant_05", "Covariant_05\Covariant_05.csproj", "{BB60ED22-E068-4536-8ED8-734F20E64224}"
EndProject
Project("{FAE04EC0-301F-11D3-BF4B-00C04F79EFBC}") = "DateTime_06", "DateTime_06\DateTime_06.csproj", "{5EDA2850-BFB3-4BC2-876D-4A80BBECD966}"
EndProject
Project("{FAE04EC0-301F-11D3-BF4B-00C04F79EFBC}") = "DateTime_07", "DateTime_07\DateTime_07.csproj", "{2F31461C-43FE-413E-947D-FFB709BB84DB}"
EndProject
Project("{FAE04EC0-301F-11D3-BF4B-00C04F79EFBC}") = "DateTime_08", "DateTime_08\DateTime_08.csproj", "{E56B01E3-7FEE-44E4-A6CF-9B800892BCA5}"
EndProject
Project("{FAE04EC0-301F-11D3-BF4B-00C04F79EFBC}") = "Enums_01", "Enums_01\Enums_01.csproj", "{DE146199-3BEA-4729-AA63-729926908C1A}"
EndProject
Project("{FAE04EC0-301F-11D3-BF4B-00C04F79EFBC}") = "Enums_02", "Enums_02\Enums_02.csproj", "{8DB7A3E9-0E89-459D-B2FD-64DF44E94A1C}"
EndProject
Project("{FAE04EC0-301F-11D3-BF4B-00C04F79EFBC}") = "Enums_03", "Enums_03\Enums_03.csproj", "{B54A797A-CDD2-4BC1-8173-5A889B64D25E}"
EndProject
Project("{FAE04EC0-301F-11D3-BF4B-00C04F79EFBC}") = "Enums_04", "Enums_04\Enums_04.csproj", "{417C6285-8903-4CAA-8114-EA802F260BC0}"
EndProject
Project("{FAE04EC0-301F-11D3-BF4B-00C04F79EFBC}") = "Enums_05", "Enums_05\Enums_05.csproj", "{1A46E937-DB8C-412A-86B9-DF8A0A67B978}"
EndProject
Project("{FAE04EC0-301F-11D3-BF4B-00C04F79EFBC}") = "Enums_06", "Enums_06\Enums_06.csproj", "{72AC7304-04BD-4271-8987-E21AA529EE8C}"
EndProject
Project("{FAE04EC0-301F-11D3-BF4B-00C04F79EFBC}") = "Enums_07", "Enums_07\Enums_07.csproj", "{E9337DAB-6869-4043-91D7-3F655C15F58C}"
EndProject
Project("{FAE04EC0-301F-11D3-BF4B-00C04F79EFBC}") = "Enums_08", "Enums_08\Enums_08.csproj", "{E0BE28EA-1F26-4E0A-93E9-DE098CE22B8A}"
EndProject
Project("{FAE04EC0-301F-11D3-BF4B-00C04F79EFBC}") = "Enums_09", "Enums_09\Enums_09.csproj", "{5C26BC27-21D4-4AFD-8D18-3B7FEC4FAC5D}"
EndProject
Project("{FAE04EC0-301F-11D3-BF4B-00C04F79EFBC}") = "Enums_10", "Enums_10\Enums_10.csproj", "{222D67DB-6225-4343-BA82-A768EE3C20DA}"
EndProject
Global
	GlobalSection(SolutionConfigurationPlatforms) = preSolution
		Debug|Any CPU = Debug|Any CPU
		Release|Any CPU = Release|Any CPU
	EndGlobalSection
	GlobalSection(ProjectConfigurationPlatforms) = postSolution
		{2C7FB863-83FF-46B8-AE46-00638D7E0D9D}.Debug|Any CPU.ActiveCfg = Debug|Any CPU
		{2C7FB863-83FF-46B8-AE46-00638D7E0D9D}.Debug|Any CPU.Build.0 = Debug|Any CPU
		{2C7FB863-83FF-46B8-AE46-00638D7E0D9D}.Release|Any CPU.ActiveCfg = Release|Any CPU
		{2C7FB863-83FF-46B8-AE46-00638D7E0D9D}.Release|Any CPU.Build.0 = Release|Any CPU
		{DD19F15A-A937-475B-82F9-F14E37EF8352}.Debug|Any CPU.ActiveCfg = Debug|Any CPU
		{DD19F15A-A937-475B-82F9-F14E37EF8352}.Debug|Any CPU.Build.0 = Debug|Any CPU
		{DD19F15A-A937-475B-82F9-F14E37EF8352}.Release|Any CPU.ActiveCfg = Release|Any CPU
		{DD19F15A-A937-475B-82F9-F14E37EF8352}.Release|Any CPU.Build.0 = Release|Any CPU
		{CED29CAC-F721-4890-A257-B378A7F91C19}.Debug|Any CPU.ActiveCfg = Debug|Any CPU
		{CED29CAC-F721-4890-A257-B378A7F91C19}.Debug|Any CPU.Build.0 = Debug|Any CPU
		{CED29CAC-F721-4890-A257-B378A7F91C19}.Release|Any CPU.ActiveCfg = Release|Any CPU
		{CED29CAC-F721-4890-A257-B378A7F91C19}.Release|Any CPU.Build.0 = Release|Any CPU
		{C913F27F-2FE5-46F7-96EB-3BD848C3AA1A}.Debug|Any CPU.ActiveCfg = Debug|Any CPU
		{C913F27F-2FE5-46F7-96EB-3BD848C3AA1A}.Debug|Any CPU.Build.0 = Debug|Any CPU
		{C913F27F-2FE5-46F7-96EB-3BD848C3AA1A}.Release|Any CPU.ActiveCfg = Release|Any CPU
		{C913F27F-2FE5-46F7-96EB-3BD848C3AA1A}.Release|Any CPU.Build.0 = Release|Any CPU
		{BB60ED22-E068-4536-8ED8-734F20E64224}.Debug|Any CPU.ActiveCfg = Debug|Any CPU
		{BB60ED22-E068-4536-8ED8-734F20E64224}.Debug|Any CPU.Build.0 = Debug|Any CPU
		{BB60ED22-E068-4536-8ED8-734F20E64224}.Release|Any CPU.ActiveCfg = Release|Any CPU
		{BB60ED22-E068-4536-8ED8-734F20E64224}.Release|Any CPU.Build.0 = Release|Any CPU
		{5EDA2850-BFB3-4BC2-876D-4A80BBECD966}.Debug|Any CPU.ActiveCfg = Debug|Any CPU
		{5EDA2850-BFB3-4BC2-876D-4A80BBECD966}.Debug|Any CPU.Build.0 = Debug|Any CPU
		{5EDA2850-BFB3-4BC2-876D-4A80BBECD966}.Release|Any CPU.ActiveCfg = Release|Any CPU
		{5EDA2850-BFB3-4BC2-876D-4A80BBECD966}.Release|Any CPU.Build.0 = Release|Any CPU
		{2F31461C-43FE-413E-947D-FFB709BB84DB}.Debug|Any CPU.ActiveCfg = Debug|Any CPU
		{2F31461C-43FE-413E-947D-FFB709BB84DB}.Debug|Any CPU.Build.0 = Debug|Any CPU
		{2F31461C-43FE-413E-947D-FFB709BB84DB}.Release|Any CPU.ActiveCfg = Release|Any CPU
		{2F31461C-43FE-413E-947D-FFB709BB84DB}.Release|Any CPU.Build.0 = Release|Any CPU
		{E56B01E3-7FEE-44E4-A6CF-9B800892BCA5}.Debug|Any CPU.ActiveCfg = Debug|Any CPU
		{E56B01E3-7FEE-44E4-A6CF-9B800892BCA5}.Debug|Any CPU.Build.0 = Debug|Any CPU
		{E56B01E3-7FEE-44E4-A6CF-9B800892BCA5}.Release|Any CPU.ActiveCfg = Release|Any CPU
		{E56B01E3-7FEE-44E4-A6CF-9B800892BCA5}.Release|Any CPU.Build.0 = Release|Any CPU
		{DE146199-3BEA-4729-AA63-729926908C1A}.Debug|Any CPU.ActiveCfg = Debug|Any CPU
		{DE146199-3BEA-4729-AA63-729926908C1A}.Debug|Any CPU.Build.0 = Debug|Any CPU
		{DE146199-3BEA-4729-AA63-729926908C1A}.Release|Any CPU.ActiveCfg = Release|Any CPU
		{DE146199-3BEA-4729-AA63-729926908C1A}.Release|Any CPU.Build.0 = Release|Any CPU
		{8DB7A3E9-0E89-459D-B2FD-64DF44E94A1C}.Debug|Any CPU.ActiveCfg = Debug|Any CPU
		{8DB7A3E9-0E89-459D-B2FD-64DF44E94A1C}.Debug|Any CPU.Build.0 = Debug|Any CPU
		{8DB7A3E9-0E89-459D-B2FD-64DF44E94A1C}.Release|Any CPU.ActiveCfg = Release|Any CPU
		{8DB7A3E9-0E89-459D-B2FD-64DF44E94A1C}.Release|Any CPU.Build.0 = Release|Any CPU
		{B54A797A-CDD2-4BC1-8173-5A889B64D25E}.Debug|Any CPU.ActiveCfg = Debug|Any CPU
		{B54A797A-CDD2-4BC1-8173-5A889B64D25E}.Debug|Any CPU.Build.0 = Debug|Any CPU
		{B54A797A-CDD2-4BC1-8173-5A889B64D25E}.Release|Any CPU.ActiveCfg = Release|Any CPU
		{B54A797A-CDD2-4BC1-8173-5A889B64D25E}.Release|Any CPU.Build.0 = Release|Any CPU
		{417C6285-8903-4CAA-8114-EA802F260BC0}.Debug|Any CPU.ActiveCfg = Debug|Any CPU
		{417C6285-8903-4CAA-8114-EA802F260BC0}.Debug|Any CPU.Build.0 = Debug|Any CPU
		{417C6285-8903-4CAA-8114-EA802F260BC0}.Release|Any CPU.ActiveCfg = Release|Any CPU
		{417C6285-8903-4CAA-8114-EA802F260BC0}.Release|Any CPU.Build.0 = Release|Any CPU
		{1A46E937-DB8C-412A-86B9-DF8A0A67B978}.Debug|Any CPU.ActiveCfg = Debug|Any CPU
		{1A46E937-DB8C-412A-86B9-DF8A0A67B978}.Debug|Any CPU.Build.0 = Debug|Any CPU
		{1A46E937-DB8C-412A-86B9-DF8A0A67B978}.Release|Any CPU.ActiveCfg = Release|Any CPU
		{1A46E937-DB8C-412A-86B9-DF8A0A67B978}.Release|Any CPU.Build.0 = Release|Any CPU
		{72AC7304-04BD-4271-8987-E21AA529EE8C}.Debug|Any CPU.ActiveCfg = Debug|Any CPU
		{72AC7304-04BD-4271-8987-E21AA529EE8C}.Debug|Any CPU.Build.0 = Debug|Any CPU
		{72AC7304-04BD-4271-8987-E21AA529EE8C}.Release|Any CPU.ActiveCfg = Release|Any CPU
		{72AC7304-04BD-4271-8987-E21AA529EE8C}.Release|Any CPU.Build.0 = Release|Any CPU
		{E9337DAB-6869-4043-91D7-3F655C15F58C}.Debug|Any CPU.ActiveCfg = Debug|Any CPU
		{E9337DAB-6869-4043-91D7-3F655C15F58C}.Debug|Any CPU.Build.0 = Debug|Any CPU
		{E9337DAB-6869-4043-91D7-3F655C15F58C}.Release|Any CPU.ActiveCfg = Release|Any CPU
		{E9337DAB-6869-4043-91D7-3F655C15F58C}.Release|Any CPU.Build.0 = Release|Any CPU
		{E0BE28EA-1F26-4E0A-93E9-DE098CE22B8A}.Debug|Any CPU.ActiveCfg = Debug|Any CPU
		{E0BE28EA-1F26-4E0A-93E9-DE098CE22B8A}.Debug|Any CPU.Build.0 = Debug|Any CPU
		{E0BE28EA-1F26-4E0A-93E9-DE098CE22B8A}.Release|Any CPU.ActiveCfg = Release|Any CPU
		{E0BE28EA-1F26-4E0A-93E9-DE098CE22B8A}.Release|Any CPU.Build.0 = Release|Any CPU
		{5C26BC27-21D4-4AFD-8D18-3B7FEC4FAC5D}.Debug|Any CPU.ActiveCfg = Debug|Any CPU
		{5C26BC27-21D4-4AFD-8D18-3B7FEC4FAC5D}.Debug|Any CPU.Build.0 = Debug|Any CPU
		{5C26BC27-21D4-4AFD-8D18-3B7FEC4FAC5D}.Release|Any CPU.ActiveCfg = Release|Any CPU
		{5C26BC27-21D4-4AFD-8D18-3B7FEC4FAC5D}.Release|Any CPU.Build.0 = Release|Any CPU
		{222D67DB-6225-4343-BA82-A768EE3C20DA}.Debug|Any CPU.ActiveCfg = Debug|Any CPU
		{222D67DB-6225-4343-BA82-A768EE3C20DA}.Debug|Any CPU.Build.0 = Debug|Any CPU
		{222D67DB-6225-4343-BA82-A768EE3C20DA}.Release|Any CPU.ActiveCfg = Release|Any CPU
		{222D67DB-6225-4343-BA82-A768EE3C20DA}.Release|Any CPU.Build.0 = Release|Any CPU
	EndGlobalSection
	GlobalSection(SolutionProperties) = preSolution
		HideSolutionNode = FALSE
	EndGlobalSection
	GlobalSection(ExtensibilityGlobals) = postSolution
		SolutionGuid = {30E9C8F6-E6C2-4169-A1AA-84E705450446}
	EndGlobalSection
EndGlobal
